
Microsoft Visual Studio Solution File, Format Version 12.00
# Visual Studio 14
VisualStudioVersion = 14.0.23107.0
MinimumVisualStudioVersion = 10.0.40219.1
Project("{FAE04EC0-301F-11D3-BF4B-00C04F79EFBC}") = "PCyP.WEBSITE", "PCyP.WEBSITE\PCyP.WEBSITE.csproj", "{587CC581-B2B6-4B50-A2AF-9F62430777DF}"
EndProject
Project("{FAE04EC0-301F-11D3-BF4B-00C04F79EFBC}") = "Domain.pcyp", "Domain.pcyp\Domain.pcyp.csproj", "{E3363535-3776-47FB-AD76-3BCABCC88274}"
EndProject
Global
	GlobalSection(SolutionConfigurationPlatforms) = preSolution
		Debug|Any CPU = Debug|Any CPU
		Release|Any CPU = Release|Any CPU
	EndGlobalSection
	GlobalSection(ProjectConfigurationPlatforms) = postSolution
		{587CC581-B2B6-4B50-A2AF-9F62430777DF}.Debug|Any CPU.ActiveCfg = Debug|Any CPU
		{587CC581-B2B6-4B50-A2AF-9F62430777DF}.Debug|Any CPU.Build.0 = Debug|Any CPU
		{587CC581-B2B6-4B50-A2AF-9F62430777DF}.Release|Any CPU.ActiveCfg = Release|Any CPU
		{587CC581-B2B6-4B50-A2AF-9F62430777DF}.Release|Any CPU.Build.0 = Release|Any CPU
		{E3363535-3776-47FB-AD76-3BCABCC88274}.Debug|Any CPU.ActiveCfg = Debug|Any CPU
		{E3363535-3776-47FB-AD76-3BCABCC88274}.Debug|Any CPU.Build.0 = Debug|Any CPU
		{E3363535-3776-47FB-AD76-3BCABCC88274}.Release|Any CPU.ActiveCfg = Release|Any CPU
		{E3363535-3776-47FB-AD76-3BCABCC88274}.Release|Any CPU.Build.0 = Release|Any CPU
	EndGlobalSection
	GlobalSection(SolutionProperties) = preSolution
		HideSolutionNode = FALSE
	EndGlobalSection
EndGlobal
